
Microsoft Visual Studio Solution File, Format Version 12.00
# Visual Studio Version 16
VisualStudioVersion = 16.0.30804.86
MinimumVisualStudioVersion = 10.0.40219.1
Project("{FAE04EC0-301F-11D3-BF4B-00C04F79EFBC}") = "Kampintroo", "Kampintroo\Kampintroo.csproj", "{13845ECD-272F-4691-B989-6F415EF9B6EE}"
EndProject
Project("{FAE04EC0-301F-11D3-BF4B-00C04F79EFBC}") = "Donguler", "Donguler\Donguler.csproj", "{FA2E6C91-2DCE-4288-AFF6-B59556D6E513}"
EndProject
Project("{FAE04EC0-301F-11D3-BF4B-00C04F79EFBC}") = "Classintro", "Classintro\Classintro.csproj", "{3C9DFD5F-5BCB-40F6-B265-00444BF4AA25}"
EndProject
Project("{FAE04EC0-301F-11D3-BF4B-00C04F79EFBC}") = "Dongulerintro", "Dongulerintro\Dongulerintro.csproj", "{6F08E18C-4AB4-42B3-9628-F2F89229D518}"
EndProject
Global
	GlobalSection(SolutionConfigurationPlatforms) = preSolution
		Debug|Any CPU = Debug|Any CPU
		Release|Any CPU = Release|Any CPU
	EndGlobalSection
	GlobalSection(ProjectConfigurationPlatforms) = postSolution
		{13845ECD-272F-4691-B989-6F415EF9B6EE}.Debug|Any CPU.ActiveCfg = Debug|Any CPU
		{13845ECD-272F-4691-B989-6F415EF9B6EE}.Debug|Any CPU.Build.0 = Debug|Any CPU
		{13845ECD-272F-4691-B989-6F415EF9B6EE}.Release|Any CPU.ActiveCfg = Release|Any CPU
		{13845ECD-272F-4691-B989-6F415EF9B6EE}.Release|Any CPU.Build.0 = Release|Any CPU
		{FA2E6C91-2DCE-4288-AFF6-B59556D6E513}.Debug|Any CPU.ActiveCfg = Debug|Any CPU
		{FA2E6C91-2DCE-4288-AFF6-B59556D6E513}.Debug|Any CPU.Build.0 = Debug|Any CPU
		{FA2E6C91-2DCE-4288-AFF6-B59556D6E513}.Release|Any CPU.ActiveCfg = Release|Any CPU
		{FA2E6C91-2DCE-4288-AFF6-B59556D6E513}.Release|Any CPU.Build.0 = Release|Any CPU
		{3C9DFD5F-5BCB-40F6-B265-00444BF4AA25}.Debug|Any CPU.ActiveCfg = Debug|Any CPU
		{3C9DFD5F-5BCB-40F6-B265-00444BF4AA25}.Debug|Any CPU.Build.0 = Debug|Any CPU
		{3C9DFD5F-5BCB-40F6-B265-00444BF4AA25}.Release|Any CPU.ActiveCfg = Release|Any CPU
		{3C9DFD5F-5BCB-40F6-B265-00444BF4AA25}.Release|Any CPU.Build.0 = Release|Any CPU
		{6F08E18C-4AB4-42B3-9628-F2F89229D518}.Debug|Any CPU.ActiveCfg = Debug|Any CPU
		{6F08E18C-4AB4-42B3-9628-F2F89229D518}.Debug|Any CPU.Build.0 = Debug|Any CPU
		{6F08E18C-4AB4-42B3-9628-F2F89229D518}.Release|Any CPU.ActiveCfg = Release|Any CPU
		{6F08E18C-4AB4-42B3-9628-F2F89229D518}.Release|Any CPU.Build.0 = Release|Any CPU
	EndGlobalSection
	GlobalSection(SolutionProperties) = preSolution
		HideSolutionNode = FALSE
	EndGlobalSection
	GlobalSection(ExtensibilityGlobals) = postSolution
		SolutionGuid = {88594D4C-84EC-4C97-9DA6-5A2F3D77153C}
	EndGlobalSection
EndGlobal
